
Microsoft Visual Studio Solution File, Format Version 12.00
# Visual Studio 15
VisualStudioVersion = 15.0.28307.572
MinimumVisualStudioVersion = 10.0.40219.1
Project("{FAE04EC0-301F-11D3-BF4B-00C04F79EFBC}") = "Vidly_1", "Vidly_1\Vidly_1.csproj", "{D221B6A7-DCD1-438D-AB59-942EED29474B}"
EndProject
Global
	GlobalSection(SolutionConfigurationPlatforms) = preSolution
		Debug|Any CPU = Debug|Any CPU
		Release|Any CPU = Release|Any CPU
	EndGlobalSection
	GlobalSection(ProjectConfigurationPlatforms) = postSolution
		{D221B6A7-DCD1-438D-AB59-942EED29474B}.Debug|Any CPU.ActiveCfg = Debug|Any CPU
		{D221B6A7-DCD1-438D-AB59-942EED29474B}.Debug|Any CPU.Build.0 = Debug|Any CPU
		{D221B6A7-DCD1-438D-AB59-942EED29474B}.Release|Any CPU.ActiveCfg = Release|Any CPU
		{D221B6A7-DCD1-438D-AB59-942EED29474B}.Release|Any CPU.Build.0 = Release|Any CPU
	EndGlobalSection
	GlobalSection(SolutionProperties) = preSolution
		HideSolutionNode = FALSE
	EndGlobalSection
	GlobalSection(ExtensibilityGlobals) = postSolution
		SolutionGuid = {C1EE3578-7B05-4F01-BD7E-B323BD8AECA1}
	EndGlobalSection
EndGlobal
